
Microsoft Visual Studio Solution File, Format Version 12.00
# Visual Studio Version 17
VisualStudioVersion = 17.10.34928.147
MinimumVisualStudioVersion = 10.0.40219.1
Project("{FAE04EC0-301F-11D3-BF4B-00C04F79EFBC}") = "ReadAndPersist", "ReadAndPersist\ReadAndPersist.csproj", "{0C9EC9CC-3C96-4F60-A50D-8F2432CC1D47}"
EndProject
Project("{FAE04EC0-301F-11D3-BF4B-00C04F79EFBC}") = "Controllers", "Controllers\Controllers.csproj", "{B86BD638-3E3F-4858-BE97-477DF55178F4}"
EndProject
Project("{FAE04EC0-301F-11D3-BF4B-00C04F79EFBC}") = "Repositories", "Repositories\Repositories.csproj", "{2D5E178F-31A5-45C4-B0CB-FF0344D81A8A}"
EndProject
Project("{FAE04EC0-301F-11D3-BF4B-00C04F79EFBC}") = "Services", "Services\Services.csproj", "{7B9A2111-8D54-4F38-85E3-268705D26A69}"
EndProject
Global
	GlobalSection(SolutionConfigurationPlatforms) = preSolution
		Debug|Any CPU = Debug|Any CPU
		Release|Any CPU = Release|Any CPU
	EndGlobalSection
	GlobalSection(ProjectConfigurationPlatforms) = postSolution
		{0C9EC9CC-3C96-4F60-A50D-8F2432CC1D47}.Debug|Any CPU.ActiveCfg = Debug|Any CPU
		{0C9EC9CC-3C96-4F60-A50D-8F2432CC1D47}.Debug|Any CPU.Build.0 = Debug|Any CPU
		{0C9EC9CC-3C96-4F60-A50D-8F2432CC1D47}.Release|Any CPU.ActiveCfg = Release|Any CPU
		{0C9EC9CC-3C96-4F60-A50D-8F2432CC1D47}.Release|Any CPU.Build.0 = Release|Any CPU
		{B86BD638-3E3F-4858-BE97-477DF55178F4}.Debug|Any CPU.ActiveCfg = Debug|Any CPU
		{B86BD638-3E3F-4858-BE97-477DF55178F4}.Debug|Any CPU.Build.0 = Debug|Any CPU
		{B86BD638-3E3F-4858-BE97-477DF55178F4}.Release|Any CPU.ActiveCfg = Release|Any CPU
		{B86BD638-3E3F-4858-BE97-477DF55178F4}.Release|Any CPU.Build.0 = Release|Any CPU
		{2D5E178F-31A5-45C4-B0CB-FF0344D81A8A}.Debug|Any CPU.ActiveCfg = Debug|Any CPU
		{2D5E178F-31A5-45C4-B0CB-FF0344D81A8A}.Debug|Any CPU.Build.0 = Debug|Any CPU
		{2D5E178F-31A5-45C4-B0CB-FF0344D81A8A}.Release|Any CPU.ActiveCfg = Release|Any CPU
		{2D5E178F-31A5-45C4-B0CB-FF0344D81A8A}.Release|Any CPU.Build.0 = Release|Any CPU
		{7B9A2111-8D54-4F38-85E3-268705D26A69}.Debug|Any CPU.ActiveCfg = Debug|Any CPU
		{7B9A2111-8D54-4F38-85E3-268705D26A69}.Debug|Any CPU.Build.0 = Debug|Any CPU
		{7B9A2111-8D54-4F38-85E3-268705D26A69}.Release|Any CPU.ActiveCfg = Release|Any CPU
		{7B9A2111-8D54-4F38-85E3-268705D26A69}.Release|Any CPU.Build.0 = Release|Any CPU
	EndGlobalSection
	GlobalSection(SolutionProperties) = preSolution
		HideSolutionNode = FALSE
	EndGlobalSection
	GlobalSection(ExtensibilityGlobals) = postSolution
		SolutionGuid = {59077EFC-094F-4CBB-9967-C47B5D2E8B5A}
	EndGlobalSection
EndGlobal
